// !$*UTF8*$!
{
	archiveVersion = 1;
	classes = {
	};
	objectVersion = 55;
	objects = {

/* Begin PBXBuildFile section */
		8231F0C22731A55B00F00B48 /* controllerApp.swift in Sources */ = {isa = PBXBuildFile; fileRef = 8231F0B22731A55900F00B48 /* controllerApp.swift */; };
		8231F0C32731A55B00F00B48 /* controllerApp.swift in Sources */ = {isa = PBXBuildFile; fileRef = 8231F0B22731A55900F00B48 /* controllerApp.swift */; };
		8231F0C42731A55B00F00B48 /* ContentView.swift in Sources */ = {isa = PBXBuildFile; fileRef = 8231F0B32731A55900F00B48 /* ContentView.swift */; };
		8231F0C52731A55B00F00B48 /* ContentView.swift in Sources */ = {isa = PBXBuildFile; fileRef = 8231F0B32731A55900F00B48 /* ContentView.swift */; };
		8231F0C62731A55B00F00B48 /* Assets.xcassets in Resources */ = {isa = PBXBuildFile; fileRef = 8231F0B42731A55B00F00B48 /* Assets.xcassets */; };
		8231F0C72731A55B00F00B48 /* Assets.xcassets in Resources */ = {isa = PBXBuildFile; fileRef = 8231F0B42731A55B00F00B48 /* Assets.xcassets */; };
		8231F0D42731A58400F00B48 /* SocketHelper.swift in Sources */ = {isa = PBXBuildFile; fileRef = 8231F0D32731A58400F00B48 /* SocketHelper.swift */; };
		8231F0D52731A58400F00B48 /* SocketHelper.swift in Sources */ = {isa = PBXBuildFile; fileRef = 8231F0D32731A58400F00B48 /* SocketHelper.swift */; };
		8231F0D92731A6F400F00B48 /* WebSocket in Frameworks */ = {isa = PBXBuildFile; productRef = 8231F0D82731A6F400F00B48 /* WebSocket */; };
/* End PBXBuildFile section */

/* Begin PBXFileReference section */
		8231F0B22731A55900F00B48 /* controllerApp.swift */ = {isa = PBXFileReference; lastKnownFileType = sourcecode.swift; path = controllerApp.swift; sourceTree = "<group>"; };
		8231F0B32731A55900F00B48 /* ContentView.swift */ = {isa = PBXFileReference; lastKnownFileType = sourcecode.swift; path = ContentView.swift; sourceTree = "<group>"; };
		8231F0B42731A55B00F00B48 /* Assets.xcassets */ = {isa = PBXFileReference; lastKnownFileType = folder.assetcatalog; path = Assets.xcassets; sourceTree = "<group>"; };
		8231F0B92731A55B00F00B48 /* controller.app */ = {isa = PBXFileReference; explicitFileType = wrapper.application; includeInIndex = 0; path = controller.app; sourceTree = BUILT_PRODUCTS_DIR; };
		8231F0BF2731A55B00F00B48 /* controller.app */ = {isa = PBXFileReference; explicitFileType = wrapper.application; includeInIndex = 0; path = controller.app; sourceTree = BUILT_PRODUCTS_DIR; };
		8231F0C12731A55B00F00B48 /* macOS.entitlements */ = {isa = PBXFileReference; lastKnownFileType = text.plist.entitlements; path = macOS.entitlements; sourceTree = "<group>"; };
		8231F0D32731A58400F00B48 /* SocketHelper.swift */ = {isa = PBXFileReference; lastKnownFileType = sourcecode.swift; path = SocketHelper.swift; sourceTree = "<group>"; };
		8231F0D62731A60400F00B48 /* controller--iOS--Info.plist */ = {isa = PBXFileReference; lastKnownFileType = text.plist; path = "controller--iOS--Info.plist"; sourceTree = "<group>"; };
/* End PBXFileReference section */

/* Begin PBXFrameworksBuildPhase section */
		8231F0B62731A55B00F00B48 /* Frameworks */ = {
			isa = PBXFrameworksBuildPhase;
			buildActionMask = 2147483647;
			files = (
				8231F0D92731A6F400F00B48 /* WebSocket in Frameworks */,
			);
			runOnlyForDeploymentPostprocessing = 0;
		};
		8231F0BC2731A55B00F00B48 /* Frameworks */ = {
			isa = PBXFrameworksBuildPhase;
			buildActionMask = 2147483647;
			files = (
			);
			runOnlyForDeploymentPostprocessing = 0;
		};
/* End PBXFrameworksBuildPhase section */

/* Begin PBXGroup section */
		8231F0AC2731A55800F00B48 = {
			isa = PBXGroup;
			children = (
				8231F0D62731A60400F00B48 /* controller--iOS--Info.plist */,
				8231F0B12731A55900F00B48 /* Shared */,
				8231F0C02731A55B00F00B48 /* macOS */,
				8231F0BA2731A55B00F00B48 /* Products */,
			);
			sourceTree = "<group>";
		};
		8231F0B12731A55900F00B48 /* Shared */ = {
			isa = PBXGroup;
			children = (
				8231F0B22731A55900F00B48 /* controllerApp.swift */,
				8231F0B32731A55900F00B48 /* ContentView.swift */,
				8231F0D32731A58400F00B48 /* SocketHelper.swift */,
				8231F0B42731A55B00F00B48 /* Assets.xcassets */,
			);
			path = Shared;
			sourceTree = "<group>";
		};
		8231F0BA2731A55B00F00B48 /* Products */ = {
			isa = PBXGroup;
			children = (
				8231F0B92731A55B00F00B48 /* controller.app */,
				8231F0BF2731A55B00F00B48 /* controller.app */,
			);
			name = Products;
			sourceTree = "<group>";
		};
		8231F0C02731A55B00F00B48 /* macOS */ = {
			isa = PBXGroup;
			children = (
				8231F0C12731A55B00F00B48 /* macOS.entitlements */,
			);
			path = macOS;
			sourceTree = "<group>";
		};
/* End PBXGroup section */

/* Begin PBXNativeTarget section */
		8231F0B82731A55B00F00B48 /* controller (iOS) */ = {
			isa = PBXNativeTarget;
			buildConfigurationList = 8231F0CA2731A55B00F00B48 /* Build configuration list for PBXNativeTarget "controller (iOS)" */;
			buildPhases = (
				8231F0B52731A55B00F00B48 /* Sources */,
				8231F0B62731A55B00F00B48 /* Frameworks */,
				8231F0B72731A55B00F00B48 /* Resources */,
			);
			buildRules = (
			);
			dependencies = (
			);
			name = "controller (iOS)";
			packageProductDependencies = (
				8231F0D82731A6F400F00B48 /* WebSocket */,
			);
			productName = "controller (iOS)";
			productReference = 8231F0B92731A55B00F00B48 /* controller.app */;
			productType = "com.apple.product-type.application";
		};
		8231F0BE2731A55B00F00B48 /* controller (macOS) */ = {
			isa = PBXNativeTarget;
			buildConfigurationList = 8231F0CD2731A55B00F00B48 /* Build configuration list for PBXNativeTarget "controller (macOS)" */;
			buildPhases = (
				8231F0BB2731A55B00F00B48 /* Sources */,
				8231F0BC2731A55B00F00B48 /* Frameworks */,
				8231F0BD2731A55B00F00B48 /* Resources */,
			);
			buildRules = (
			);
			dependencies = (
			);
			name = "controller (macOS)";
			productName = "controller (macOS)";
			productReference = 8231F0BF2731A55B00F00B48 /* controller.app */;
			productType = "com.apple.product-type.application";
		};
/* End PBXNativeTarget section */

/* Begin PBXProject section */
		8231F0AD2731A55800F00B48 /* Project object */ = {
			isa = PBXProject;
			attributes = {
				BuildIndependentTargetsInParallel = 1;
				LastSwiftUpdateCheck = 1310;
				LastUpgradeCheck = 1310;
				TargetAttributes = {
					8231F0B82731A55B00F00B48 = {
						CreatedOnToolsVersion = 13.1;
					};
					8231F0BE2731A55B00F00B48 = {
						CreatedOnToolsVersion = 13.1;
					};
				};
			};
			buildConfigurationList = 8231F0B02731A55800F00B48 /* Build configuration list for PBXProject "controller" */;
			compatibilityVersion = "Xcode 13.0";
			developmentRegion = en;
			hasScannedForEncodings = 0;
			knownRegions = (
				en,
				Base,
			);
			mainGroup = 8231F0AC2731A55800F00B48;
			packageReferences = (
				8231F0D72731A6F400F00B48 /* XCRemoteSwiftPackageReference "websocket-apple" */,
			);
			productRefGroup = 8231F0BA2731A55B00F00B48 /* Products */;
			projectDirPath = "";
			projectRoot = "";
			targets = (
				8231F0B82731A55B00F00B48 /* controller (iOS) */,
				8231F0BE2731A55B00F00B48 /* controller (macOS) */,
			);
		};
/* End PBXProject section */

/* Begin PBXResourcesBuildPhase section */
		8231F0B72731A55B00F00B48 /* Resources */ = {
			isa = PBXResourcesBuildPhase;
			buildActionMask = 2147483647;
			files = (
				8231F0C62731A55B00F00B48 /* Assets.xcassets in Resources */,
			);
			runOnlyForDeploymentPostprocessing = 0;
		};
		8231F0BD2731A55B00F00B48 /* Resources */ = {
			isa = PBXResourcesBuildPhase;
			buildActionMask = 2147483647;
			files = (
				8231F0C72731A55B00F00B48 /* Assets.xcassets in Resources */,
			);
			runOnlyForDeploymentPostprocessing = 0;
		};
/* End PBXResourcesBuildPhase section */

/* Begin PBXSourcesBuildPhase section */
		8231F0B52731A55B00F00B48 /* Sources */ = {
			isa = PBXSourcesBuildPhase;
			buildActionMask = 2147483647;
			files = (
				8231F0D42731A58400F00B48 /* SocketHelper.swift in Sources */,
				8231F0C42731A55B00F00B48 /* ContentView.swift in Sources */,
				8231F0C22731A55B00F00B48 /* controllerApp.swift in Sources */,
			);
			runOnlyForDeploymentPostprocessing = 0;
		};
		8231F0BB2731A55B00F00B48 /* Sources */ = {
			isa = PBXSourcesBuildPhase;
			buildActionMask = 2147483647;
			files = (
				8231F0D52731A58400F00B48 /* SocketHelper.swift in Sources */,
				8231F0C52731A55B00F00B48 /* ContentView.swift in Sources */,
				8231F0C32731A55B00F00B48 /* controllerApp.swift in Sources */,
			);
			runOnlyForDeploymentPostprocessing = 0;
		};
/* End PBXSourcesBuildPhase section */

/* Begin XCBuildConfiguration section */
		8231F0C82731A55B00F00B48 /* Debug */ = {
			isa = XCBuildConfiguration;
			buildSettings = {
				ALWAYS_SEARCH_USER_PATHS = NO;
				CLANG_ANALYZER_NONNULL = YES;
				CLANG_ANALYZER_NUMBER_OBJECT_CONVERSION = YES_AGGRESSIVE;
				CLANG_CXX_LANGUAGE_STANDARD = "gnu++17";
				CLANG_CXX_LIBRARY = "libc++";
				CLANG_ENABLE_MODULES = YES;
				CLANG_ENABLE_OBJC_ARC = YES;
				CLANG_ENABLE_OBJC_WEAK = YES;
				CLANG_WARN_BLOCK_CAPTURE_AUTORELEASING = YES;
				CLANG_WARN_BOOL_CONVERSION = YES;
				CLANG_WARN_COMMA = YES;
				CLANG_WARN_CONSTANT_CONVERSION = YES;
				CLANG_WARN_DEPRECATED_OBJC_IMPLEMENTATIONS = YES;
				CLANG_WARN_DIRECT_OBJC_ISA_USAGE = YES_ERROR;
				CLANG_WARN_DOCUMENTATION_COMMENTS = YES;
				CLANG_WARN_EMPTY_BODY = YES;
				CLANG_WARN_ENUM_CONVERSION = YES;
				CLANG_WARN_INFINITE_RECURSION = YES;
				CLANG_WARN_INT_CONVERSION = YES;
				CLANG_WARN_NON_LITERAL_NULL_CONVERSION = YES;
				CLANG_WARN_OBJC_IMPLICIT_RETAIN_SELF = YES;
				CLANG_WARN_OBJC_LITERAL_CONVERSION = YES;
				CLANG_WARN_OBJC_ROOT_CLASS = YES_ERROR;
				CLANG_WARN_QUOTED_INCLUDE_IN_FRAMEWORK_HEADER = YES;
				CLANG_WARN_RANGE_LOOP_ANALYSIS = YES;
				CLANG_WARN_STRICT_PROTOTYPES = YES;
				CLANG_WARN_SUSPICIOUS_MOVE = YES;
				CLANG_WARN_UNGUARDED_AVAILABILITY = YES_AGGRESSIVE;
				CLANG_WARN_UNREACHABLE_CODE = YES;
				CLANG_WARN__DUPLICATE_METHOD_MATCH = YES;
				COPY_PHASE_STRIP = NO;
				DEBUG_INFORMATION_FORMAT = dwarf;
				ENABLE_STRICT_OBJC_MSGSEND = YES;
				ENABLE_TESTABILITY = YES;
				GCC_C_LANGUAGE_STANDARD = gnu11;
				GCC_DYNAMIC_NO_PIC = NO;
				GCC_NO_COMMON_BLOCKS = YES;
				GCC_OPTIMIZATION_LEVEL = 0;
				GCC_PREPROCESSOR_DEFINITIONS = (
					"DEBUG=1",
					"$(inherited)",
				);
				GCC_WARN_64_TO_32_BIT_CONVERSION = YES;
				GCC_WARN_ABOUT_RETURN_TYPE = YES_ERROR;
				GCC_WARN_UNDECLARED_SELECTOR = YES;
				GCC_WARN_UNINITIALIZED_AUTOS = YES_AGGRESSIVE;
				GCC_WARN_UNUSED_FUNCTION = YES;
				GCC_WARN_UNUSED_VARIABLE = YES;
				MTL_ENABLE_DEBUG_INFO = INCLUDE_SOURCE;
				MTL_FAST_MATH = YES;
				ONLY_ACTIVE_ARCH = YES;
				SWIFT_ACTIVE_COMPILATION_CONDITIONS = DEBUG;
				SWIFT_OPTIMIZATION_LEVEL = "-Onone";
			};
			name = Debug;
		};
		8231F0C92731A55B00F00B48 /* Release */ = {
			isa = XCBuildConfiguration;
			buildSettings = {
				ALWAYS_SEARCH_USER_PATHS = NO;
				CLANG_ANALYZER_NONNULL = YES;
				CLANG_ANALYZER_NUMBER_OBJECT_CONVERSION = YES_AGGRESSIVE;
				CLANG_CXX_LANGUAGE_STANDARD = "gnu++17";
				CLANG_CXX_LIBRARY = "libc++";
				CLANG_ENABLE_MODULES = YES;
				CLANG_ENABLE_OBJC_ARC = YES;
				CLANG_ENABLE_OBJC_WEAK = YES;
				CLANG_WARN_BLOCK_CAPTURE_AUTORELEASING = YES;
				CLANG_WARN_BOOL_CONVERSION = YES;
				CLANG_WARN_COMMA = YES;
				CLANG_WARN_CONSTANT_CONVERSION = YES;
				CLANG_WARN_DEPRECATED_OBJC_IMPLEMENTATIONS = YES;
				CLANG_WARN_DIRECT_OBJC_ISA_USAGE = YES_ERROR;
				CLANG_WARN_DOCUMENTATION_COMMENTS = YES;
				CLANG_WARN_EMPTY_BODY = YES;
				CLANG_WARN_ENUM_CONVERSION = YES;
				CLANG_WARN_INFINITE_RECURSION = YES;
				CLANG_WARN_INT_CONVERSION = YES;
				CLANG_WARN_NON_LITERAL_NULL_CONVERSION = YES;
				CLANG_WARN_OBJC_IMPLICIT_RETAIN_SELF = YES;
				CLANG_WARN_OBJC_LITERAL_CONVERSION = YES;
				CLANG_WARN_OBJC_ROOT_CLASS = YES_ERROR;
				CLANG_WARN_QUOTED_INCLUDE_IN_FRAMEWORK_HEADER = YES;
				CLANG_WARN_RANGE_LOOP_ANALYSIS = YES;
				CLANG_WARN_STRICT_PROTOTYPES = YES;
				CLANG_WARN_SUSPICIOUS_MOVE = YES;
				CLANG_WARN_UNGUARDED_AVAILABILITY = YES_AGGRESSIVE;
				CLANG_WARN_UNREACHABLE_CODE = YES;
				CLANG_WARN__DUPLICATE_METHOD_MATCH = YES;
				COPY_PHASE_STRIP = NO;
				DEBUG_INFORMATION_FORMAT = "dwarf-with-dsym";
				ENABLE_NS_ASSERTIONS = NO;
				ENABLE_STRICT_OBJC_MSGSEND = YES;
				GCC_C_LANGUAGE_STANDARD = gnu11;
				GCC_NO_COMMON_BLOCKS = YES;
				GCC_WARN_64_TO_32_BIT_CONVERSION = YES;
				GCC_WARN_ABOUT_RETURN_TYPE = YES_ERROR;
				GCC_WARN_UNDECLARED_SELECTOR = YES;
				GCC_WARN_UNINITIALIZED_AUTOS = YES_AGGRESSIVE;
				GCC_WARN_UNUSED_FUNCTION = YES;
				GCC_WARN_UNUSED_VARIABLE = YES;
				MTL_ENABLE_DEBUG_INFO = NO;
				MTL_FAST_MATH = YES;
				SWIFT_COMPILATION_MODE = wholemodule;
				SWIFT_OPTIMIZATION_LEVEL = "-O";
			};
			name = Release;
		};
		8231F0CB2731A55B00F00B48 /* Debug */ = {
			isa = XCBuildConfiguration;
			buildSettings = {
				ASSETCATALOG_COMPILER_APPICON_NAME = AppIcon;
				ASSETCATALOG_COMPILER_GLOBAL_ACCENT_COLOR_NAME = AccentColor;
				CODE_SIGN_STYLE = Automatic;
				CURRENT_PROJECT_VERSION = 1;
				DEVELOPMENT_TEAM = CTAFH43K36;
				ENABLE_PREVIEWS = YES;
				GENERATE_INFOPLIST_FILE = YES;
				INFOPLIST_FILE = "controller--iOS--Info.plist";
				INFOPLIST_KEY_UIApplicationSceneManifest_Generation = YES;
				INFOPLIST_KEY_UIApplicationSupportsIndirectInputEvents = YES;
				INFOPLIST_KEY_UILaunchScreen_Generation = YES;
				INFOPLIST_KEY_UISupportedInterfaceOrientations_iPad = "UIInterfaceOrientationPortrait UIInterfaceOrientationPortraitUpsideDown UIInterfaceOrientationLandscapeLeft UIInterfaceOrientationLandscapeRight";
				INFOPLIST_KEY_UISupportedInterfaceOrientations_iPhone = "UIInterfaceOrientationPortrait UIInterfaceOrientationLandscapeLeft UIInterfaceOrientationLandscapeRight";
				IPHONEOS_DEPLOYMENT_TARGET = 15.0;
				LD_RUNPATH_SEARCH_PATHS = (
					"$(inherited)",
					"@executable_path/Frameworks",
				);
				MARKETING_VERSION = 1.0;
				PRODUCT_BUNDLE_IDENTIFIER = maatheusgois.controller;
				PRODUCT_NAME = controller;
				SDKROOT = iphoneos;
				SWIFT_EMIT_LOC_STRINGS = YES;
				SWIFT_VERSION = 5.0;
				TARGETED_DEVICE_FAMILY = "1,2";
			};
			name = Debug;
		};
		8231F0CC2731A55B00F00B48 /* Release */ = {
			isa = XCBuildConfiguration;
			buildSettings = {
				ASSETCATALOG_COMPILER_APPICON_NAME = AppIcon;
				ASSETCATALOG_COMPILER_GLOBAL_ACCENT_COLOR_NAME = AccentColor;
				CODE_SIGN_STYLE = Automatic;
				CURRENT_PROJECT_VERSION = 1;
				DEVELOPMENT_TEAM = CTAFH43K36;
				ENABLE_PREVIEWS = YES;
				GENERATE_INFOPLIST_FILE = YES;
				INFOPLIST_FILE = "controller--iOS--Info.plist";
				INFOPLIST_KEY_UIApplicationSceneManifest_Generation = YES;
				INFOPLIST_KEY_UIApplicationSupportsIndirectInputEvents = YES;
				INFOPLIST_KEY_UILaunchScreen_Generation = YES;
				INFOPLIST_KEY_UISupportedInterfaceOrientations_iPad = "UIInterfaceOrientationPortrait UIInterfaceOrientationPortraitUpsideDown UIInterfaceOrientationLandscapeLeft UIInterfaceOrientationLandscapeRight";
				INFOPLIST_KEY_UISupportedInterfaceOrientations_iPhone = "UIInterfaceOrientationPortrait UIInterfaceOrientationLandscapeLeft UIInterfaceOrientationLandscapeRight";
				IPHONEOS_DEPLOYMENT_TARGET = 15.0;
				LD_RUNPATH_SEARCH_PATHS = (
					"$(inherited)",
					"@executable_path/Frameworks",
				);
				MARKETING_VERSION = 1.0;
				PRODUCT_BUNDLE_IDENTIFIER = maatheusgois.controller;
				PRODUCT_NAME = controller;
				SDKROOT = iphoneos;
				SWIFT_EMIT_LOC_STRINGS = YES;
				SWIFT_VERSION = 5.0;
				TARGETED_DEVICE_FAMILY = "1,2";
				VALIDATE_PRODUCT = YES;
			};
			name = Release;
		};
		8231F0CE2731A55B00F00B48 /* Debug */ = {
			isa = XCBuildConfiguration;
			buildSettings = {
				ASSETCATALOG_COMPILER_APPICON_NAME = AppIcon;
				ASSETCATALOG_COMPILER_GLOBAL_ACCENT_COLOR_NAME = AccentColor;
				CODE_SIGN_ENTITLEMENTS = macOS/macOS.entitlements;
				CODE_SIGN_STYLE = Automatic;
				COMBINE_HIDPI_IMAGES = YES;
				CURRENT_PROJECT_VERSION = 1;
				DEVELOPMENT_TEAM = CTAFH43K36;
				ENABLE_HARDENED_RUNTIME = YES;
				ENABLE_PREVIEWS = YES;
				GENERATE_INFOPLIST_FILE = YES;
				INFOPLIST_KEY_NSHumanReadableCopyright = "";
				LD_RUNPATH_SEARCH_PATHS = (
					"$(inherited)",
					"@executable_path/../Frameworks",
				);
				MACOSX_DEPLOYMENT_TARGET = 12.0;
				MARKETING_VERSION = 1.0;
				PRODUCT_BUNDLE_IDENTIFIER = maatheusgois.controller;
				PRODUCT_NAME = controller;
				SDKROOT = macosx;
				SWIFT_EMIT_LOC_STRINGS = YES;
				SWIFT_VERSION = 5.0;
			};
			name = Debug;
		};
		8231F0CF2731A55B00F00B48 /* Release */ = {
			isa = XCBuildConfiguration;
			buildSettings = {
				ASSETCATALOG_COMPILER_APPICON_NAME = AppIcon;
				ASSETCATALOG_COMPILER_GLOBAL_ACCENT_COLOR_NAME = AccentColor;
				CODE_SIGN_ENTITLEMENTS = macOS/macOS.entitlements;
				CODE_SIGN_STYLE = Automatic;
				COMBINE_HIDPI_IMAGES = YES;
				CURRENT_PROJECT_VERSION = 1;
				DEVELOPMENT_TEAM = CTAFH43K36;
				ENABLE_HARDENED_RUNTIME = YES;
				ENABLE_PREVIEWS = YES;
				GENERATE_INFOPLIST_FILE = YES;
				INFOPLIST_KEY_NSHumanReadableCopyright = "";
				LD_RUNPATH_SEARCH_PATHS = (
					"$(inherited)",
					"@executable_path/../Frameworks",
				);
				MACOSX_DEPLOYMENT_TARGET = 12.0;
				MARKETING_VERSION = 1.0;
				PRODUCT_BUNDLE_IDENTIFIER = maatheusgois.controller;
				PRODUCT_NAME = controller;
				SDKROOT = macosx;
				SWIFT_EMIT_LOC_STRINGS = YES;
				SWIFT_VERSION = 5.0;
			};
			name = Release;
		};
/* End XCBuildConfiguration section */

/* Begin XCConfigurationList section */
		8231F0B02731A55800F00B48 /* Build configuration list for PBXProject "controller" */ = {
			isa = XCConfigurationList;
			buildConfigurations = (
				8231F0C82731A55B00F00B48 /* Debug */,
				8231F0C92731A55B00F00B48 /* Release */,
			);
			defaultConfigurationIsVisible = 0;
			defaultConfigurationName = Release;
		};
		8231F0CA2731A55B00F00B48 /* Build configuration list for PBXNativeTarget "controller (iOS)" */ = {
			isa = XCConfigurationList;
			buildConfigurations = (
				8231F0CB2731A55B00F00B48 /* Debug */,
				8231F0CC2731A55B00F00B48 /* Release */,
			);
			defaultConfigurationIsVisible = 0;
			defaultConfigurationName = Release;
		};
		8231F0CD2731A55B00F00B48 /* Build configuration list for PBXNativeTarget "controller (macOS)" */ = {
			isa = XCConfigurationList;
			buildConfigurations = (
				8231F0CE2731A55B00F00B48 /* Debug */,
				8231F0CF2731A55B00F00B48 /* Release */,
			);
			defaultConfigurationIsVisible = 0;
			defaultConfigurationName = Release;
		};
/* End XCConfigurationList section */

/* Begin XCRemoteSwiftPackageReference section */
		8231F0D72731A6F400F00B48 /* XCRemoteSwiftPackageReference "websocket-apple" */ = {
			isa = XCRemoteSwiftPackageReference;
			repositoryURL = "https://github.com/shareup/websocket-apple";
			requirement = {
				branch = main;
				kind = branch;
			};
		};
/* End XCRemoteSwiftPackageReference section */

/* Begin XCSwiftPackageProductDependency section */
		8231F0D82731A6F400F00B48 /* WebSocket */ = {
			isa = XCSwiftPackageProductDependency;
			package = 8231F0D72731A6F400F00B48 /* XCRemoteSwiftPackageReference "websocket-apple" */;
			productName = WebSocket;
		};
/* End XCSwiftPackageProductDependency section */
	};
	rootObject = 8231F0AD2731A55800F00B48 /* Project object */;
}
